<Solution>
  <Configurations>
    <Platform Name="Any CPU" />
    <Platform Name="x64" />
    <Platform Name="x86" />
  </Configurations>
  <Project Path="SampleProject\SampleProject.csproj" />
  <Project Path="SheepEngine\Runtime.csproj" />
</Solution>Path="WindowsNativeAudio\WindowsNativeAudio.vcxproj" />
</Solution>