<?xml version="1.0" encoding="utf-8"?>
<Project ToolsVersion="4.0" xmlns="http://schemas.microsoft.com/developer/msbuild/2003">
  <ItemGroup>
    <None Include="..\TestProject\assets\shaders\fixed.frag">
      <Filter>Shaders</Filter>
    </None>
    <None Include="..\TestProject\assets\shaders\fixed.vert">
      <Filter>Shaders</Filter>
    </None>
  </ItemGroup>
  <ItemGroup>
    <Filter Include="Shaders">
      <UniqueIdentifier>{ee3ecb6b-4ff1-4ef3-943f-b7c678c73fb8}</UniqueIdentifier>
    </Filter>
  </ItemGroup>
</Project>